
Microsoft Visual Studio Solution File, Format Version 12.00
# Visual Studio Version 16
VisualStudioVersion = 16.0.29806.167
MinimumVisualStudioVersion = 10.0.40219.1
Project("{FAE04EC0-301F-11D3-BF4B-00C04F79EFBC}") = "Model", "Model\Model.csproj", "{0ABF40D2-026A-423F-8C94-4A69139F27AA}"
EndProject
Project("{FAE04EC0-301F-11D3-BF4B-00C04F79EFBC}") = "Formulario", "Formulario\Formulario.csproj", "{C6A35EEA-0B02-41A7-BF1A-A212A4E10B8E}"
	ProjectSection(ProjectDependencies) = postProject
		{0ABF40D2-026A-423F-8C94-4A69139F27AA} = {0ABF40D2-026A-423F-8C94-4A69139F27AA}
	EndProjectSection
EndProject
Project("{FAE04EC0-301F-11D3-BF4B-00C04F79EFBC}") = "Dados", "Dados\Dados.csproj", "{22D6F33D-54F7-4893-B1DD-221651BDAFE0}"
EndProject
Global
	GlobalSection(SolutionConfigurationPlatforms) = preSolution
		Debug|Any CPU = Debug|Any CPU
		Release|Any CPU = Release|Any CPU
	EndGlobalSection
	GlobalSection(ProjectConfigurationPlatforms) = postSolution
		{0ABF40D2-026A-423F-8C94-4A69139F27AA}.Debug|Any CPU.ActiveCfg = Debug|Any CPU
		{0ABF40D2-026A-423F-8C94-4A69139F27AA}.Debug|Any CPU.Build.0 = Debug|Any CPU
		{0ABF40D2-026A-423F-8C94-4A69139F27AA}.Release|Any CPU.ActiveCfg = Release|Any CPU
		{0ABF40D2-026A-423F-8C94-4A69139F27AA}.Release|Any CPU.Build.0 = Release|Any CPU
		{C6A35EEA-0B02-41A7-BF1A-A212A4E10B8E}.Debug|Any CPU.ActiveCfg = Debug|Any CPU
		{C6A35EEA-0B02-41A7-BF1A-A212A4E10B8E}.Debug|Any CPU.Build.0 = Debug|Any CPU
		{C6A35EEA-0B02-41A7-BF1A-A212A4E10B8E}.Release|Any CPU.ActiveCfg = Release|Any CPU
		{C6A35EEA-0B02-41A7-BF1A-A212A4E10B8E}.Release|Any CPU.Build.0 = Release|Any CPU
		{22D6F33D-54F7-4893-B1DD-221651BDAFE0}.Debug|Any CPU.ActiveCfg = Debug|Any CPU
		{22D6F33D-54F7-4893-B1DD-221651BDAFE0}.Debug|Any CPU.Build.0 = Debug|Any CPU
		{22D6F33D-54F7-4893-B1DD-221651BDAFE0}.Release|Any CPU.ActiveCfg = Release|Any CPU
		{22D6F33D-54F7-4893-B1DD-221651BDAFE0}.Release|Any CPU.Build.0 = Release|Any CPU
	EndGlobalSection
	GlobalSection(SolutionProperties) = preSolution
		HideSolutionNode = FALSE
	EndGlobalSection
	GlobalSection(ExtensibilityGlobals) = postSolution
		SolutionGuid = {8E736AEF-9706-4E89-B552-B038430B7492}
	EndGlobalSection
EndGlobal
